
Microsoft Visual Studio Solution File, Format Version 12.00
# Visual Studio Version 17
VisualStudioVersion = 17.7.34221.43
MinimumVisualStudioVersion = 10.0.40219.1
Project("{9A19103F-16F7-4668-BE54-9A1E7A4F7556}") = "DreamVilla_VillaApi", "MagicVilla_VillaApi\DreamVilla_VillaApi.csproj", "{939E3E45-BE62-460B-9DF3-11624A31A4AC}"
EndProject
Project("{9A19103F-16F7-4668-BE54-9A1E7A4F7556}") = "MagicVilla_Web", "MagicVilla_Web\MagicVilla_Web.csproj", "{97ADC907-8D63-47F6-B5EE-158784AEDB58}"
EndProject
Project("{9A19103F-16F7-4668-BE54-9A1E7A4F7556}") = "MagicVilla_Utility", "MagicVilla_Utility\MagicVilla_Utility.csproj", "{518D67AE-3384-48D7-90A7-4F57945CB2A1}"
EndProject
Global
	GlobalSection(SolutionConfigurationPlatforms) = preSolution
		Debug|Any CPU = Debug|Any CPU
		Release|Any CPU = Release|Any CPU
	EndGlobalSection
	GlobalSection(ProjectConfigurationPlatforms) = postSolution
		{939E3E45-BE62-460B-9DF3-11624A31A4AC}.Debug|Any CPU.ActiveCfg = Debug|Any CPU
		{939E3E45-BE62-460B-9DF3-11624A31A4AC}.Debug|Any CPU.Build.0 = Debug|Any CPU
		{939E3E45-BE62-460B-9DF3-11624A31A4AC}.Release|Any CPU.ActiveCfg = Release|Any CPU
		{939E3E45-BE62-460B-9DF3-11624A31A4AC}.Release|Any CPU.Build.0 = Release|Any CPU
		{97ADC907-8D63-47F6-B5EE-158784AEDB58}.Debug|Any CPU.ActiveCfg = Debug|Any CPU
		{97ADC907-8D63-47F6-B5EE-158784AEDB58}.Debug|Any CPU.Build.0 = Debug|Any CPU
		{97ADC907-8D63-47F6-B5EE-158784AEDB58}.Release|Any CPU.ActiveCfg = Release|Any CPU
		{97ADC907-8D63-47F6-B5EE-158784AEDB58}.Release|Any CPU.Build.0 = Release|Any CPU
		{518D67AE-3384-48D7-90A7-4F57945CB2A1}.Debug|Any CPU.ActiveCfg = Debug|Any CPU
		{518D67AE-3384-48D7-90A7-4F57945CB2A1}.Debug|Any CPU.Build.0 = Debug|Any CPU
		{518D67AE-3384-48D7-90A7-4F57945CB2A1}.Release|Any CPU.ActiveCfg = Release|Any CPU
		{518D67AE-3384-48D7-90A7-4F57945CB2A1}.Release|Any CPU.Build.0 = Release|Any CPU
	EndGlobalSection
	GlobalSection(SolutionProperties) = preSolution
		HideSolutionNode = FALSE
	EndGlobalSection
	GlobalSection(ExtensibilityGlobals) = postSolution
		SolutionGuid = {4625AA8A-278E-4E2B-853D-D55F3DCF0978}
	EndGlobalSection
EndGlobal
